PODS:
  - Alamofire (5.2.2)
  - HacomaExtensions (1.0.1)
  - HacomaNetwork (1.0.1):
    - Moya (= 14.0.0)
  - Moya (14.0.0):
    - Moya/Core (= 14.0.0)
  - Moya/Core (14.0.0):
    - Alamofire (~> 5.0)

DEPENDENCIES:
  - HacomaExtensions (= 1.0.1)
  - HacomaNetwork (= 1.0.1)

SPEC REPOS:
  https://github.com/CocoaPods/Specs.git:
    - Alamofire
    - Moya
  https://github.com/hacoma/iOS-Hacoma-Module-CocoaPods-Specs.git:
    - HacomaExtensions
    - HacomaNetwork

SPEC CHECKSUMS:
  Alamofire: 814429acc853c6c54ff123fc3d2ef66803823ce0
  HacomaExtensions: 58b978f0904422deab3b8777ed896821a93d7854
  HacomaNetwork: 49aa9415f8518013edee8ce6c69ab731b4f6d1bc
  Moya: 5b45dacb75adb009f97fde91c204c1e565d31916

PODFILE CHECKSUM: f844ef7366e2b5d686895506b04145c66328c288

COCOAPODS: 1.9.3
