PODS:
  - Alamofire (5.2.2)
  - HacomaExtensions (1.0.0)
  - HacomaNetwork (1.0.0):
    - Moya (= 14.0.0)
  - Moya (14.0.0):
    - Moya/Core (= 14.0.0)
  - Moya/Core (14.0.0):
    - Alamofire (~> 5.0)

DEPENDENCIES:
  - HacomaExtensions (= 1.0.0)
  - HacomaNetwork (= 1.0.0)

SPEC REPOS:
  https://github.com/CocoaPods/Specs.git:
    - Alamofire
    - Moya
  https://github.com/hacoma/iOS-Hacoma-Module-CocoaPods-Specs.git:
    - HacomaExtensions
    - HacomaNetwork

SPEC CHECKSUMS:
  Alamofire: 814429acc853c6c54ff123fc3d2ef66803823ce0
  HacomaExtensions: d44f06f1369ec2e8cb308592115247fcb44a3924
  HacomaNetwork: 01b14ded8c63ab7696a1fce81d46da37df1fee72
  Moya: 5b45dacb75adb009f97fde91c204c1e565d31916

PODFILE CHECKSUM: e2cf66738a744cd414a4f7e9564b7b6c57b19f89

COCOAPODS: 1.9.3
